
Microsoft Visual Studio Solution File, Format Version 12.00
# Visual Studio 14
VisualStudioVersion = 14.0.22823.1
MinimumVisualStudioVersion = 10.0.40219.1
Project("{FAE04EC0-301F-11D3-BF4B-00C04F79EFBC}") = "UALib", "UALib\UALib.csproj", "{1BFA7B36-9973-4AFA-B96E-B2EF372C8F1A}"
EndProject
Project("{FAE04EC0-301F-11D3-BF4B-00C04F79EFBC}") = "UA", "UA\UA.csproj", "{423F0ED0-F09F-4FF6-9838-E41EC93A4EBE}"
EndProject
Global
	GlobalSection(SolutionConfigurationPlatforms) = preSolution
		Debug|Any CPU = Debug|Any CPU
		Release|Any CPU = Release|Any CPU
	EndGlobalSection
	GlobalSection(ProjectConfigurationPlatforms) = postSolution
		{1BFA7B36-9973-4AFA-B96E-B2EF372C8F1A}.Debug|Any CPU.ActiveCfg = Debug|Any CPU
		{1BFA7B36-9973-4AFA-B96E-B2EF372C8F1A}.Debug|Any CPU.Build.0 = Debug|Any CPU
		{1BFA7B36-9973-4AFA-B96E-B2EF372C8F1A}.Release|Any CPU.ActiveCfg = Release|Any CPU
		{1BFA7B36-9973-4AFA-B96E-B2EF372C8F1A}.Release|Any CPU.Build.0 = Release|Any CPU
		{423F0ED0-F09F-4FF6-9838-E41EC93A4EBE}.Debug|Any CPU.ActiveCfg = Debug|Any CPU
		{423F0ED0-F09F-4FF6-9838-E41EC93A4EBE}.Debug|Any CPU.Build.0 = Debug|Any CPU
		{423F0ED0-F09F-4FF6-9838-E41EC93A4EBE}.Release|Any CPU.ActiveCfg = Release|Any CPU
		{423F0ED0-F09F-4FF6-9838-E41EC93A4EBE}.Release|Any CPU.Build.0 = Release|Any CPU
	EndGlobalSection
	GlobalSection(SolutionProperties) = preSolution
		HideSolutionNode = FALSE
	EndGlobalSection
EndGlobal
